// !$*UTF8*$!
{
	archiveVersion = 1;
	classes = {
	};
	objectVersion = 52;
	objects = {

/* Begin PBXBuildFile section */
		88CBF62E236F78E600C755AA /* TrueTime.framework in Frameworks */ = {isa = PBXBuildFile; fileRef = 88F15CA2236E33C900AC7291 /* TrueTime.framework */; };
		88CBF62F236F78E600C755AA /* TrueTime.framework in Embed Frameworks */ = {isa = PBXBuildFile; fileRef = 88F15CA2236E33C900AC7291 /* TrueTime.framework */; settings = {ATTRIBUTES = (CodeSignOnCopy, RemoveHeadersOnCopy, ); }; };
		88F15C0F236DB8F900AC7291 /* AppDelegate.swift in Sources */ = {isa = PBXBuildFile; fileRef = 88F15C0E236DB8F900AC7291 /* AppDelegate.swift */; };
		88F15C11236DB8F900AC7291 /* SceneDelegate.swift in Sources */ = {isa = PBXBuildFile; fileRef = 88F15C10236DB8F900AC7291 /* SceneDelegate.swift */; };
		88F15C13236DB8F900AC7291 /* ContentView.swift in Sources */ = {isa = PBXBuildFile; fileRef = 88F15C12236DB8F900AC7291 /* ContentView.swift */; };
		88F15C15236DB8FB00AC7291 /* Assets.xcassets in Resources */ = {isa = PBXBuildFile; fileRef = 88F15C14236DB8FB00AC7291 /* Assets.xcassets */; };
		88F15C18236DB8FB00AC7291 /* Preview Assets.xcassets in Resources */ = {isa = PBXBuildFile; fileRef = 88F15C17236DB8FB00AC7291 /* Preview Assets.xcassets */; };
		88F15C1B236DB8FB00AC7291 /* LaunchScreen.storyboard in Resources */ = {isa = PBXBuildFile; fileRef = 88F15C19236DB8FB00AC7291 /* LaunchScreen.storyboard */; };
		88F15C23236DBA7600AC7291 /* BLEScanner.swift in Sources */ = {isa = PBXBuildFile; fileRef = 88F15C22236DBA7600AC7291 /* BLEScanner.swift */; };
		88F15C25236DF11C00AC7291 /* Database.swift in Sources */ = {isa = PBXBuildFile; fileRef = 88F15C24236DF11C00AC7291 /* Database.swift */; };
		88F15C28236DF28800AC7291 /* SQLite in Frameworks */ = {isa = PBXBuildFile; productRef = 88F15C27236DF28800AC7291 /* SQLite */; };
		88F15CA5236E340A00AC7291 /* SyncedTime.swift in Sources */ = {isa = PBXBuildFile; fileRef = 88F15CA4236E340A00AC7291 /* SyncedTime.swift */; };
/* End PBXBuildFile section */

/* Begin PBXCopyFilesBuildPhase section */
		88CBF630236F78E600C755AA /* Embed Frameworks */ = {
			isa = PBXCopyFilesBuildPhase;
			buildActionMask = 2147483647;
			dstPath = "";
			dstSubfolderSpec = 10;
			files = (
				88CBF62F236F78E600C755AA /* TrueTime.framework in Embed Frameworks */,
			);
			name = "Embed Frameworks";
			runOnlyForDeploymentPostprocessing = 0;
		};
/* End PBXCopyFilesBuildPhase section */

/* Begin PBXFileReference section */
		88F15C0B236DB8F900AC7291 /* BLEScanning.app */ = {isa = PBXFileReference; explicitFileType = wrapper.application; includeInIndex = 0; path = BLEScanning.app; sourceTree = BUILT_PRODUCTS_DIR; };
		88F15C0E236DB8F900AC7291 /* AppDelegate.swift */ = {isa = PBXFileReference; lastKnownFileType = sourcecode.swift; path = AppDelegate.swift; sourceTree = "<group>"; };
		88F15C10236DB8F900AC7291 /* SceneDelegate.swift */ = {isa = PBXFileReference; lastKnownFileType = sourcecode.swift; path = SceneDelegate.swift; sourceTree = "<group>"; };
		88F15C12236DB8F900AC7291 /* ContentView.swift */ = {isa = PBXFileReference; lastKnownFileType = sourcecode.swift; path = ContentView.swift; sourceTree = "<group>"; };
		88F15C14236DB8FB00AC7291 /* Assets.xcassets */ = {isa = PBXFileReference; lastKnownFileType = folder.assetcatalog; path = Assets.xcassets; sourceTree = "<group>"; };
		88F15C17236DB8FB00AC7291 /* Preview Assets.xcassets */ = {isa = PBXFileReference; lastKnownFileType = folder.assetcatalog; path = "Preview Assets.xcassets"; sourceTree = "<group>"; };
		88F15C1A236DB8FB00AC7291 /* Base */ = {isa = PBXFileReference; lastKnownFileType = file.storyboard; name = Base; path = Base.lproj/LaunchScreen.storyboard; sourceTree = "<group>"; };
		88F15C1C236DB8FB00AC7291 /* Info.plist */ = {isa = PBXFileReference; lastKnownFileType = text.plist.xml; path = Info.plist; sourceTree = "<group>"; };
		88F15C22236DBA7600AC7291 /* BLEScanner.swift */ = {isa = PBXFileReference; lastKnownFileType = sourcecode.swift; path = BLEScanner.swift; sourceTree = "<group>"; };
		88F15C24236DF11C00AC7291 /* Database.swift */ = {isa = PBXFileReference; lastKnownFileType = sourcecode.swift; path = Database.swift; sourceTree = "<group>"; };
		88F15C9C236E331500AC7291 /* TrueTime */ = {isa = PBXFileReference; lastKnownFileType = "compiled.mach-o.dylib"; name = TrueTime; path = Carthage/Build/iOS/TrueTime.framework/TrueTime; sourceTree = "<group>"; };
		88F15C9F236E334000AC7291 /* TrueTime.framework.dSYM */ = {isa = PBXFileReference; lastKnownFileType = wrapper.dsym; name = TrueTime.framework.dSYM; path = Carthage/Build/iOS/TrueTime.framework.dSYM; sourceTree = "<group>"; };
		88F15CA0236E335400AC7291 /* Cartfile.resolved */ = {isa = PBXFileReference; lastKnownFileType = text; path = Cartfile.resolved; sourceTree = "<group>"; };
		88F15CA1236E337500AC7291 /* TrueTime-Swift.h */ = {isa = PBXFileReference; lastKnownFileType = sourcecode.c.h; name = "TrueTime-Swift.h"; path = "Carthage/Build/iOS/TrueTime.framework/Headers/TrueTime-Swift.h"; sourceTree = "<group>"; };
		88F15CA2236E33C900AC7291 /* TrueTime.framework */ = {isa = PBXFileReference; lastKnownFileType = wrapper.framework; name = TrueTime.framework; path = Carthage/Build/iOS/TrueTime.framework; sourceTree = "<group>"; };
		88F15CA4236E340A00AC7291 /* SyncedTime.swift */ = {isa = PBXFileReference; lastKnownFileType = sourcecode.swift; path = SyncedTime.swift; sourceTree = "<group>"; };
/* End PBXFileReference section */

/* Begin PBXFrameworksBuildPhase section */
		88F15C08236DB8F900AC7291 /* Frameworks */ = {
			isa = PBXFrameworksBuildPhase;
			buildActionMask = 2147483647;
			files = (
				88F15C28236DF28800AC7291 /* SQLite in Frameworks */,
				88CBF62E236F78E600C755AA /* TrueTime.framework in Frameworks */,
			);
			runOnlyForDeploymentPostprocessing = 0;
		};
/* End PBXFrameworksBuildPhase section */

/* Begin PBXGroup section */
		88F15C02236DB8F900AC7291 = {
			isa = PBXGroup;
			children = (
				88F15C0D236DB8F900AC7291 /* BLEScanning */,
				88F15C0C236DB8F900AC7291 /* Products */,
				88F15C41236E2A4200AC7291 /* Frameworks */,
			);
			sourceTree = "<group>";
		};
		88F15C0C236DB8F900AC7291 /* Products */ = {
			isa = PBXGroup;
			children = (
				88F15C0B236DB8F900AC7291 /* BLEScanning.app */,
			);
			name = Products;
			sourceTree = "<group>";
		};
		88F15C0D236DB8F900AC7291 /* BLEScanning */ = {
			isa = PBXGroup;
			children = (
				88F15C0E236DB8F900AC7291 /* AppDelegate.swift */,
				88F15C10236DB8F900AC7291 /* SceneDelegate.swift */,
				88F15C12236DB8F900AC7291 /* ContentView.swift */,
				88F15C22236DBA7600AC7291 /* BLEScanner.swift */,
				88F15C24236DF11C00AC7291 /* Database.swift */,
				88F15CA4236E340A00AC7291 /* SyncedTime.swift */,
				88F15C14236DB8FB00AC7291 /* Assets.xcassets */,
				88F15C19236DB8FB00AC7291 /* LaunchScreen.storyboard */,
				88F15C1C236DB8FB00AC7291 /* Info.plist */,
				88F15C16236DB8FB00AC7291 /* Preview Content */,
			);
			path = BLEScanning;
			sourceTree = "<group>";
		};
		88F15C16236DB8FB00AC7291 /* Preview Content */ = {
			isa = PBXGroup;
			children = (
				88F15C17236DB8FB00AC7291 /* Preview Assets.xcassets */,
			);
			path = "Preview Content";
			sourceTree = "<group>";
		};
		88F15C41236E2A4200AC7291 /* Frameworks */ = {
			isa = PBXGroup;
			children = (
				88F15CA2236E33C900AC7291 /* TrueTime.framework */,
				88F15CA1236E337500AC7291 /* TrueTime-Swift.h */,
				88F15CA0236E335400AC7291 /* Cartfile.resolved */,
				88F15C9F236E334000AC7291 /* TrueTime.framework.dSYM */,
				88F15C9C236E331500AC7291 /* TrueTime */,
			);
			name = Frameworks;
			sourceTree = "<group>";
		};
/* End PBXGroup section */

/* Begin PBXNativeTarget section */
		88F15C0A236DB8F900AC7291 /* BLEScanning */ = {
			isa = PBXNativeTarget;
			buildConfigurationList = 88F15C1F236DB8FB00AC7291 /* Build configuration list for PBXNativeTarget "BLEScanning" */;
			buildPhases = (
				88F15C07236DB8F900AC7291 /* Sources */,
				88F15C08236DB8F900AC7291 /* Frameworks */,
				88F15C09236DB8F900AC7291 /* Resources */,
				88CBF630236F78E600C755AA /* Embed Frameworks */,
			);
			buildRules = (
			);
			dependencies = (
			);
			name = BLEScanning;
			packageProductDependencies = (
				88F15C27236DF28800AC7291 /* SQLite */,
			);
			productName = BLEScanning;
			productReference = 88F15C0B236DB8F900AC7291 /* BLEScanning.app */;
			productType = "com.apple.product-type.application";
		};
/* End PBXNativeTarget section */

/* Begin PBXProject section */
		88F15C03236DB8F900AC7291 /* Project object */ = {
			isa = PBXProject;
			attributes = {
				LastSwiftUpdateCheck = 1120;
				LastUpgradeCheck = 1120;
				ORGANIZATIONNAME = "Vivek Roy";
				TargetAttributes = {
					88F15C0A236DB8F900AC7291 = {
						CreatedOnToolsVersion = 11.2;
					};
				};
			};
			buildConfigurationList = 88F15C06236DB8F900AC7291 /* Build configuration list for PBXProject "BLEScanning" */;
			compatibilityVersion = "Xcode 9.3";
			developmentRegion = en;
			hasScannedForEncodings = 0;
			knownRegions = (
				en,
				Base,
			);
			mainGroup = 88F15C02236DB8F900AC7291;
			packageReferences = (
				88F15C26236DF28700AC7291 /* XCRemoteSwiftPackageReference "SQLite.swift" */,
			);
			productRefGroup = 88F15C0C236DB8F900AC7291 /* Products */;
			projectDirPath = "";
			projectRoot = "";
			targets = (
				88F15C0A236DB8F900AC7291 /* BLEScanning */,
			);
		};
/* End PBXProject section */

/* Begin PBXResourcesBuildPhase section */
		88F15C09236DB8F900AC7291 /* Resources */ = {
			isa = PBXResourcesBuildPhase;
			buildActionMask = 2147483647;
			files = (
				88F15C1B236DB8FB00AC7291 /* LaunchScreen.storyboard in Resources */,
				88F15C18236DB8FB00AC7291 /* Preview Assets.xcassets in Resources */,
				88F15C15236DB8FB00AC7291 /* Assets.xcassets in Resources */,
			);
			runOnlyForDeploymentPostprocessing = 0;
		};
/* End PBXResourcesBuildPhase section */

/* Begin PBXSourcesBuildPhase section */
		88F15C07236DB8F900AC7291 /* Sources */ = {
			isa = PBXSourcesBuildPhase;
			buildActionMask = 2147483647;
			files = (
				88F15C23236DBA7600AC7291 /* BLEScanner.swift in Sources */,
				88F15C0F236DB8F900AC7291 /* AppDelegate.swift in Sources */,
				88F15C11236DB8F900AC7291 /* SceneDelegate.swift in Sources */,
				88F15C25236DF11C00AC7291 /* Database.swift in Sources */,
				88F15CA5236E340A00AC7291 /* SyncedTime.swift in Sources */,
				88F15C13236DB8F900AC7291 /* ContentView.swift in Sources */,
			);
			runOnlyForDeploymentPostprocessing = 0;
		};
/* End PBXSourcesBuildPhase section */

/* Begin PBXVariantGroup section */
		88F15C19236DB8FB00AC7291 /* LaunchScreen.storyboard */ = {
			isa = PBXVariantGroup;
			children = (
				88F15C1A236DB8FB00AC7291 /* Base */,
			);
			name = LaunchScreen.storyboard;
			sourceTree = "<group>";
		};
/* End PBXVariantGroup section */

/* Begin XCBuildConfiguration section */
		88F15C1D236DB8FB00AC7291 /* Debug */ = {
			isa = XCBuildConfiguration;
			buildSettings = {
				ALWAYS_SEARCH_USER_PATHS = NO;
				CLANG_ANALYZER_NONNULL = YES;
				CLANG_ANALYZER_NUMBER_OBJECT_CONVERSION = YES_AGGRESSIVE;
				CLANG_CXX_LANGUAGE_STANDARD = "gnu++14";
				CLANG_CXX_LIBRARY = "libc++";
				CLANG_ENABLE_MODULES = YES;
				CLANG_ENABLE_OBJC_ARC = YES;
				CLANG_ENABLE_OBJC_WEAK = YES;
				CLANG_WARN_BLOCK_CAPTURE_AUTORELEASING = YES;
				CLANG_WARN_BOOL_CONVERSION = YES;
				CLANG_WARN_COMMA = YES;
				CLANG_WARN_CONSTANT_CONVERSION = YES;
				CLANG_WARN_DEPRECATED_OBJC_IMPLEMENTATIONS = YES;
				CLANG_WARN_DIRECT_OBJC_ISA_USAGE = YES_ERROR;
				CLANG_WARN_DOCUMENTATION_COMMENTS = YES;
				CLANG_WARN_EMPTY_BODY = YES;
				CLANG_WARN_ENUM_CONVERSION = YES;
				CLANG_WARN_INFINITE_RECURSION = YES;
				CLANG_WARN_INT_CONVERSION = YES;
				CLANG_WARN_NON_LITERAL_NULL_CONVERSION = YES;
				CLANG_WARN_OBJC_IMPLICIT_RETAIN_SELF = YES;
				CLANG_WARN_OBJC_LITERAL_CONVERSION = YES;
				CLANG_WARN_OBJC_ROOT_CLASS = YES_ERROR;
				CLANG_WARN_RANGE_LOOP_ANALYSIS = YES;
				CLANG_WARN_STRICT_PROTOTYPES = YES;
				CLANG_WARN_SUSPICIOUS_MOVE = YES;
				CLANG_WARN_UNGUARDED_AVAILABILITY = YES_AGGRESSIVE;
				CLANG_WARN_UNREACHABLE_CODE = YES;
				CLANG_WARN__DUPLICATE_METHOD_MATCH = YES;
				COPY_PHASE_STRIP = NO;
				DEBUG_INFORMATION_FORMAT = dwarf;
				ENABLE_STRICT_OBJC_MSGSEND = YES;
				ENABLE_TESTABILITY = YES;
				GCC_C_LANGUAGE_STANDARD = gnu11;
				GCC_DYNAMIC_NO_PIC = NO;
				GCC_NO_COMMON_BLOCKS = YES;
				GCC_OPTIMIZATION_LEVEL = 0;
				GCC_PREPROCESSOR_DEFINITIONS = (
					"DEBUG=1",
					"$(inherited)",
				);
				GCC_WARN_64_TO_32_BIT_CONVERSION = YES;
				GCC_WARN_ABOUT_RETURN_TYPE = YES_ERROR;
				GCC_WARN_UNDECLARED_SELECTOR = YES;
				GCC_WARN_UNINITIALIZED_AUTOS = YES_AGGRESSIVE;
				GCC_WARN_UNUSED_FUNCTION = YES;
				GCC_WARN_UNUSED_VARIABLE = YES;
				IPHONEOS_DEPLOYMENT_TARGET = 13.2;
				MTL_ENABLE_DEBUG_INFO = INCLUDE_SOURCE;
				MTL_FAST_MATH = YES;
				ONLY_ACTIVE_ARCH = YES;
				SDKROOT = iphoneos;
				SWIFT_ACTIVE_COMPILATION_CONDITIONS = DEBUG;
				SWIFT_OPTIMIZATION_LEVEL = "-Onone";
			};
			name = Debug;
		};
		88F15C1E236DB8FB00AC7291 /* Release */ = {
			isa = XCBuildConfiguration;
			buildSettings = {
				ALWAYS_SEARCH_USER_PATHS = NO;
				CLANG_ANALYZER_NONNULL = YES;
				CLANG_ANALYZER_NUMBER_OBJECT_CONVERSION = YES_AGGRESSIVE;
				CLANG_CXX_LANGUAGE_STANDARD = "gnu++14";
				CLANG_CXX_LIBRARY = "libc++";
				CLANG_ENABLE_MODULES = YES;
				CLANG_ENABLE_OBJC_ARC = YES;
				CLANG_ENABLE_OBJC_WEAK = YES;
				CLANG_WARN_BLOCK_CAPTURE_AUTORELEASING = YES;
				CLANG_WARN_BOOL_CONVERSION = YES;
				CLANG_WARN_COMMA = YES;
				CLANG_WARN_CONSTANT_CONVERSION = YES;
				CLANG_WARN_DEPRECATED_OBJC_IMPLEMENTATIONS = YES;
				CLANG_WARN_DIRECT_OBJC_ISA_USAGE = YES_ERROR;
				CLANG_WARN_DOCUMENTATION_COMMENTS = YES;
				CLANG_WARN_EMPTY_BODY = YES;
				CLANG_WARN_ENUM_CONVERSION = YES;
				CLANG_WARN_INFINITE_RECURSION = YES;
				CLANG_WARN_INT_CONVERSION = YES;
				CLANG_WARN_NON_LITERAL_NULL_CONVERSION = YES;
				CLANG_WARN_OBJC_IMPLICIT_RETAIN_SELF = YES;
				CLANG_WARN_OBJC_LITERAL_CONVERSION = YES;
				CLANG_WARN_OBJC_ROOT_CLASS = YES_ERROR;
				CLANG_WARN_RANGE_LOOP_ANALYSIS = YES;
				CLANG_WARN_STRICT_PROTOTYPES = YES;
				CLANG_WARN_SUSPICIOUS_MOVE = YES;
				CLANG_WARN_UNGUARDED_AVAILABILITY = YES_AGGRESSIVE;
				CLANG_WARN_UNREACHABLE_CODE = YES;
				CLANG_WARN__DUPLICATE_METHOD_MATCH = YES;
				COPY_PHASE_STRIP = NO;
				DEBUG_INFORMATION_FORMAT = "dwarf-with-dsym";
				ENABLE_NS_ASSERTIONS = NO;
				ENABLE_STRICT_OBJC_MSGSEND = YES;
				GCC_C_LANGUAGE_STANDARD = gnu11;
				GCC_NO_COMMON_BLOCKS = YES;
				GCC_WARN_64_TO_32_BIT_CONVERSION = YES;
				GCC_WARN_ABOUT_RETURN_TYPE = YES_ERROR;
				GCC_WARN_UNDECLARED_SELECTOR = YES;
				GCC_WARN_UNINITIALIZED_AUTOS = YES_AGGRESSIVE;
				GCC_WARN_UNUSED_FUNCTION = YES;
				GCC_WARN_UNUSED_VARIABLE = YES;
				IPHONEOS_DEPLOYMENT_TARGET = 13.2;
				MTL_ENABLE_DEBUG_INFO = NO;
				MTL_FAST_MATH = YES;
				SDKROOT = iphoneos;
				SWIFT_COMPILATION_MODE = wholemodule;
				SWIFT_OPTIMIZATION_LEVEL = "-O";
				VALIDATE_PRODUCT = YES;
			};
			name = Release;
		};
		88F15C20236DB8FB00AC7291 /* Debug */ = {
			isa = XCBuildConfiguration;
			buildSettings = {
				ASSETCATALOG_COMPILER_APPICON_NAME = AppIcon;
				CODE_SIGN_STYLE = Automatic;
				DEVELOPMENT_ASSET_PATHS = "\"BLEScanning/Preview Content\"";
				DEVELOPMENT_TEAM = 62HJZYJ9K4;
				ENABLE_PREVIEWS = YES;
				FRAMEWORK_SEARCH_PATHS = (
					"$(inherited)",
					"$(PROJECT_DIR)/Carthage/Build/iOS",
				);
				INFOPLIST_FILE = BLEScanning/Info.plist;
				LD_RUNPATH_SEARCH_PATHS = (
					"$(inherited)",
					"@executable_path/Frameworks",
				);
				LIBRARY_SEARCH_PATHS = (
					"$(inherited)",
					"$(PROJECT_DIR)/Carthage/Build/iOS/TrueTime.framework",
				);
				PRODUCT_BUNDLE_IDENTIFIER = com.vivekroy.BLEScanning;
				PRODUCT_NAME = "$(TARGET_NAME)";
				SWIFT_VERSION = 5.0;
				TARGETED_DEVICE_FAMILY = "1,2";
			};
			name = Debug;
		};
		88F15C21236DB8FB00AC7291 /* Release */ = {
			isa = XCBuildConfiguration;
			buildSettings = {
				ASSETCATALOG_COMPILER_APPICON_NAME = AppIcon;
				CODE_SIGN_STYLE = Automatic;
				DEVELOPMENT_ASSET_PATHS = "\"BLEScanning/Preview Content\"";
				DEVELOPMENT_TEAM = 62HJZYJ9K4;
				ENABLE_PREVIEWS = YES;
				FRAMEWORK_SEARCH_PATHS = (
					"$(inherited)",
					"$(PROJECT_DIR)/Carthage/Build/iOS",
				);
				INFOPLIST_FILE = BLEScanning/Info.plist;
				LD_RUNPATH_SEARCH_PATHS = (
					"$(inherited)",
					"@executable_path/Frameworks",
				);
				LIBRARY_SEARCH_PATHS = (
					"$(inherited)",
					"$(PROJECT_DIR)/Carthage/Build/iOS/TrueTime.framework",
				);
				PRODUCT_BUNDLE_IDENTIFIER = com.vivekroy.BLEScanning;
				PRODUCT_NAME = "$(TARGET_NAME)";
				SWIFT_VERSION = 5.0;
				TARGETED_DEVICE_FAMILY = "1,2";
			};
			name = Release;
		};
/* End XCBuildConfiguration section */

/* Begin XCConfigurationList section */
		88F15C06236DB8F900AC7291 /* Build configuration list for PBXProject "BLEScanning" */ = {
			isa = XCConfigurationList;
			buildConfigurations = (
				88F15C1D236DB8FB00AC7291 /* Debug */,
				88F15C1E236DB8FB00AC7291 /* Release */,
			);
			defaultConfigurationIsVisible = 0;
			defaultConfigurationName = Release;
		};
		88F15C1F236DB8FB00AC7291 /* Build configuration list for PBXNativeTarget "BLEScanning" */ = {
			isa = XCConfigurationList;
			buildConfigurations = (
				88F15C20236DB8FB00AC7291 /* Debug */,
				88F15C21236DB8FB00AC7291 /* Release */,
			);
			defaultConfigurationIsVisible = 0;
			defaultConfigurationName = Release;
		};
/* End XCConfigurationList section */

/* Begin XCRemoteSwiftPackageReference section */
		88F15C26236DF28700AC7291 /* XCRemoteSwiftPackageReference "SQLite.swift" */ = {
			isa = XCRemoteSwiftPackageReference;
			repositoryURL = "https://github.com/stephencelis/SQLite.swift.git";
			requirement = {
				kind = upToNextMajorVersion;
				minimumVersion = 0.12.0;
			};
		};
/* End XCRemoteSwiftPackageReference section */

/* Begin XCSwiftPackageProductDependency section */
		88F15C27236DF28800AC7291 /* SQLite */ = {
			isa = XCSwiftPackageProductDependency;
			package = 88F15C26236DF28700AC7291 /* XCRemoteSwiftPackageReference "SQLite.swift" */;
			productName = SQLite;
		};
/* End XCSwiftPackageProductDependency section */
	};
	rootObject = 88F15C03236DB8F900AC7291 /* Project object */;
}
